
Microsoft Visual Studio Solution File, Format Version 12.00
# Visual Studio Version 16
VisualStudioVersion = 16.0.30804.86
MinimumVisualStudioVersion = 10.0.40219.1
Project("{FAE04EC0-301F-11D3-BF4B-00C04F79EFBC}") = "RazorPagesMovie", "RazorPagesMovie\RazorPagesMovie.csproj", "{5A86C10E-B4EF-4131-972C-78E9E971A5F1}"
EndProject
Global
	GlobalSection(SolutionConfigurationPlatforms) = preSolution
		Debug|Any CPU = Debug|Any CPU
		Release|Any CPU = Release|Any CPU
	EndGlobalSection
	GlobalSection(ProjectConfigurationPlatforms) = postSolution
		{5A86C10E-B4EF-4131-972C-78E9E971A5F1}.Debug|Any CPU.ActiveCfg = Debug|Any CPU
		{5A86C10E-B4EF-4131-972C-78E9E971A5F1}.Debug|Any CPU.Build.0 = Debug|Any CPU
		{5A86C10E-B4EF-4131-972C-78E9E971A5F1}.Release|Any CPU.ActiveCfg = Release|Any CPU
		{5A86C10E-B4EF-4131-972C-78E9E971A5F1}.Release|Any CPU.Build.0 = Release|Any CPU
	EndGlobalSection
	GlobalSection(SolutionProperties) = preSolution
		HideSolutionNode = FALSE
	EndGlobalSection
	GlobalSection(ExtensibilityGlobals) = postSolution
		SolutionGuid = {D9BB45A4-4007-4A90-B88B-26A9B9E7F002}
	EndGlobalSection
EndGlobal
